
Microsoft Visual Studio Solution File, Format Version 12.00
# Visual Studio Version 17
VisualStudioVersion = 17.0.32014.148
MinimumVisualStudioVersion = 10.0.40219.1
Project("{FAE04EC0-301F-11D3-BF4B-00C04F79EFBC}") = "CardDesigner.Data", "..\CardDesigner.DataAccess\CardDesigner.Data.csproj", "{9C550A39-4410-40FA-97EF-0502C3F8352F}"
EndProject
Project("{FAE04EC0-301F-11D3-BF4B-00C04F79EFBC}") = "CardDesigner.Domain", "..\CardDesigner.Domain\CardDesigner.Domain.csproj", "{D345EC52-B0B6-45D4-B96D-70A66DBE3772}"
EndProject
Project("{FAE04EC0-301F-11D3-BF4B-00C04F79EFBC}") = "CardDesigner.UI", "..\CardDesigner.UI\CardDesigner.UI.csproj", "{56E4BBD3-46C4-4227-BA7F-30C89F9FEAD5}"
EndProject
Global
	GlobalSection(SolutionConfigurationPlatforms) = preSolution
		Debug|Any CPU = Debug|Any CPU
		Release|Any CPU = Release|Any CPU
	EndGlobalSection
	GlobalSection(ProjectConfigurationPlatforms) = postSolution
		{9C550A39-4410-40FA-97EF-0502C3F8352F}.Debug|Any CPU.ActiveCfg = Debug|Any CPU
		{9C550A39-4410-40FA-97EF-0502C3F8352F}.Debug|Any CPU.Build.0 = Debug|Any CPU
		{9C550A39-4410-40FA-97EF-0502C3F8352F}.Release|Any CPU.ActiveCfg = Release|Any CPU
		{9C550A39-4410-40FA-97EF-0502C3F8352F}.Release|Any CPU.Build.0 = Release|Any CPU
		{D345EC52-B0B6-45D4-B96D-70A66DBE3772}.Debug|Any CPU.ActiveCfg = Debug|Any CPU
		{D345EC52-B0B6-45D4-B96D-70A66DBE3772}.Debug|Any CPU.Build.0 = Debug|Any CPU
		{D345EC52-B0B6-45D4-B96D-70A66DBE3772}.Release|Any CPU.ActiveCfg = Release|Any CPU
		{D345EC52-B0B6-45D4-B96D-70A66DBE3772}.Release|Any CPU.Build.0 = Release|Any CPU
		{56E4BBD3-46C4-4227-BA7F-30C89F9FEAD5}.Debug|Any CPU.ActiveCfg = Debug|Any CPU
		{56E4BBD3-46C4-4227-BA7F-30C89F9FEAD5}.Debug|Any CPU.Build.0 = Debug|Any CPU
		{56E4BBD3-46C4-4227-BA7F-30C89F9FEAD5}.Release|Any CPU.ActiveCfg = Release|Any CPU
		{56E4BBD3-46C4-4227-BA7F-30C89F9FEAD5}.Release|Any CPU.Build.0 = Release|Any CPU
	EndGlobalSection
	GlobalSection(SolutionProperties) = preSolution
		HideSolutionNode = FALSE
	EndGlobalSection
	GlobalSection(ExtensibilityGlobals) = postSolution
		SolutionGuid = {DB601EDA-7A59-476A-808D-AC349A461558}
	EndGlobalSection
EndGlobal
